
Microsoft Visual Studio Solution File, Format Version 12.00
# Visual Studio Version 16
VisualStudioVersion = 16.0.29911.98
MinimumVisualStudioVersion = 10.0.40219.1
Project("{9A19103F-16F7-4668-BE54-9A1E7A4F7556}") = "Skribbl_Website.Server", "Skribbl_Website\Server\Skribbl_Website.Server.csproj", "{535E74CB-B982-4780-90FA-59C14251C902}"
EndProject
Project("{9A19103F-16F7-4668-BE54-9A1E7A4F7556}") = "Skribbl_Website.Client", "Skribbl_Website\Client\Skribbl_Website.Client.csproj", "{00F99D82-E61C-4C62-BF68-3AD85C441E94}"
EndProject
Project("{9A19103F-16F7-4668-BE54-9A1E7A4F7556}") = "Skribbl_Website.Shared", "Skribbl_Website\Shared\Skribbl_Website.Shared.csproj", "{88EA4E5D-FAD2-4A0D-B8F1-7416C8DD5097}"
EndProject
Global
	GlobalSection(SolutionConfigurationPlatforms) = preSolution
		Debug|Any CPU = Debug|Any CPU
		Release|Any CPU = Release|Any CPU
	EndGlobalSection
	GlobalSection(ProjectConfigurationPlatforms) = postSolution
		{535E74CB-B982-4780-90FA-59C14251C902}.Debug|Any CPU.ActiveCfg = Debug|Any CPU
		{535E74CB-B982-4780-90FA-59C14251C902}.Debug|Any CPU.Build.0 = Debug|Any CPU
		{535E74CB-B982-4780-90FA-59C14251C902}.Release|Any CPU.ActiveCfg = Release|Any CPU
		{535E74CB-B982-4780-90FA-59C14251C902}.Release|Any CPU.Build.0 = Release|Any CPU
		{00F99D82-E61C-4C62-BF68-3AD85C441E94}.Debug|Any CPU.ActiveCfg = Debug|Any CPU
		{00F99D82-E61C-4C62-BF68-3AD85C441E94}.Debug|Any CPU.Build.0 = Debug|Any CPU
		{00F99D82-E61C-4C62-BF68-3AD85C441E94}.Release|Any CPU.ActiveCfg = Release|Any CPU
		{00F99D82-E61C-4C62-BF68-3AD85C441E94}.Release|Any CPU.Build.0 = Release|Any CPU
		{88EA4E5D-FAD2-4A0D-B8F1-7416C8DD5097}.Debug|Any CPU.ActiveCfg = Debug|Any CPU
		{88EA4E5D-FAD2-4A0D-B8F1-7416C8DD5097}.Debug|Any CPU.Build.0 = Debug|Any CPU
		{88EA4E5D-FAD2-4A0D-B8F1-7416C8DD5097}.Release|Any CPU.ActiveCfg = Release|Any CPU
		{88EA4E5D-FAD2-4A0D-B8F1-7416C8DD5097}.Release|Any CPU.Build.0 = Release|Any CPU
	EndGlobalSection
	GlobalSection(SolutionProperties) = preSolution
		HideSolutionNode = FALSE
	EndGlobalSection
	GlobalSection(ExtensibilityGlobals) = postSolution
		SolutionGuid = {46630AEB-AD20-40AE-A49B-688850D5EEDD}
	EndGlobalSection
EndGlobal
